version = 1
revision = 3
requires-python = ">=3.13"

[[package]]
name = "fibexconverter"
version = "0.1.0"
source = { virtual = "." }
dependencies = [
    { name = "graphviz" },
    { name = "isodate" },
    { name = "macaddress" },
    { name = "xlsxwriter" },
]

[package.metadata]
requires-dist = [
    { name = "graphviz", specifier = ">=0.21" },
    { name = "isodate", specifier = ">=0.7.2" },
    { name = "macaddress", specifier = ">=2.0.2" },
    { name = "xlsxwriter", specifier = ">=3.2.9" },
]

[[package]]
name = "graphviz"
version = "0.21"
source = { registry = "https://pypi.org/simple" }
sdist = { url = "https://files.pythonhosted.org/packages/f8/b3/3ac91e9be6b761a4b30d66ff165e54439dcd48b83f4e20d644867215f6ca/graphviz-0.21.tar.gz", hash = "sha256:20743e7183be82aaaa8ad6c93f8893c923bd6658a04c32ee115edb3c8a835f78", size = 200434, upload-time = "2025-06-15T09:35:05.824Z" }
wheels = [
    { url = "https://files.pythonhosted.org/packages/91/4c/e0ce1ef95d4000ebc1c11801f9b944fa5910ecc15b5e351865763d8657f8/graphviz-0.21-py3-none-any.whl", hash = "sha256:54f33de9f4f911d7e84e4191749cac8cc5653f815b06738c54db9a15ab8b1e42", size = 47300, upload-time = "2025-06-15T09:35:04.433Z" },
]

[[package]]
name = "isodate"
version = "0.7.2"
source = { registry = "https://pypi.org/simple" }
sdist = { url = "https://files.pythonhosted.org/packages/54/4d/e940025e2ce31a8ce1202635910747e5a87cc3a6a6bb2d00973375014749/isodate-0.7.2.tar.gz", hash = "sha256:4cd1aa0f43ca76f4a6c6c0292a85f40b35ec2e43e315b59f06e6d32171a953e6", size = 29705, upload-time = "2024-10-08T23:04:11.5Z" }
wheels = [
    { url = "https://files.pythonhosted.org/packages/15/aa/0aca39a37d3c7eb941ba736ede56d689e7be91cab5d9ca846bde3999eba6/isodate-0.7.2-py3-none-any.whl", hash = "sha256:28009937d8031054830160fce6d409ed342816b543597cece116d966c6d99e15", size = 22320, upload-time = "2024-10-08T23:04:09.501Z" },
]

[[package]]
name = "macaddress"
version = "2.0.2"
source = { registry = "https://pypi.org/simple" }
sdist = { url = "https://files.pythonhosted.org/packages/dc/0f/e9b1028826cef8aa8d5f187b9fe2fd8f5b8c8ca393a11cffbcbe58f8a247/macaddress-2.0.2.tar.gz", hash = "sha256:1400ccdc28d747102d57ae61e5b78d8985872930810ceb8860cd49abd1e1fa37", size = 7927, upload-time = "2022-11-04T21:31:19.106Z" }
wheels = [
    { url = "https://files.pythonhosted.org/packages/6e/40/cfad5b515667b0465a3169757b5c9f17639dc1da145c65248e5b9fe481d8/macaddress-2.0.2-py3-none-any.whl", hash = "sha256:6f4a0430f9b5af6d98a582b8d527ba2cd3f0825fce5503a9ce5c73acb772c30f", size = 8027, upload-time = "2022-11-04T21:31:17.095Z" },
]

[[package]]
name = "xlsxwriter"
version = "3.2.9"
source = { registry = "https://pypi.org/simple" }
sdist = { url = "https://files.pythonhosted.org/packages/46/2c/c06ef49dc36e7954e55b802a8b231770d286a9758b3d936bd1e04ce5ba88/xlsxwriter-3.2.9.tar.gz", hash = "sha256:254b1c37a368c444eac6e2f867405cc9e461b0ed97a3233b2ac1e574efb4140c", size = 215940, upload-time = "2025-09-16T00:16:21.63Z" }
wheels = [
    { url = "https://files.pythonhosted.org/packages/3a/0c/3662f4a66880196a590b202f0db82d919dd2f89e99a27fadef91c4a33d41/xlsxwriter-3.2.9-py3-none-any.whl", hash = "sha256:9a5db42bc5dff014806c58a20b9eae7322a134abb6fce3c92c181bfb275ec5b3", size = 175315, upload-time = "2025-09-16T00:16:20.108Z" },
]
